// !$*UTF8*$!
{
	archiveVersion = 1;
	classes = {
	};
	objectVersion = 55;
	objects = {

/* Begin PBXBuildFile section */
		BC9C98BD27E42FC40053923A /* AppDelegate.swift in Sources */ = {isa = PBXBuildFile; fileRef = BC9C98BC27E42FC40053923A /* AppDelegate.swift */; };
		BC9C98BF27E42FC40053923A /* SceneDelegate.swift in Sources */ = {isa = PBXBuildFile; fileRef = BC9C98BE27E42FC40053923A /* SceneDelegate.swift */; };
		BC9C98C127E42FC40053923A /* ViewController.swift in Sources */ = {isa = PBXBuildFile; fileRef = BC9C98C027E42FC40053923A /* ViewController.swift */; };
		BC9C98C427E42FC40053923A /* Main.storyboard in Resources */ = {isa = PBXBuildFile; fileRef = BC9C98C227E42FC40053923A /* Main.storyboard */; };
		BC9C98C627E42FC50053923A /* Assets.xcassets in Resources */ = {isa = PBXBuildFile; fileRef = BC9C98C527E42FC50053923A /* Assets.xcassets */; };
		BC9C98C927E42FC50053923A /* LaunchScreen.storyboard in Resources */ = {isa = PBXBuildFile; fileRef = BC9C98C727E42FC50053923A /* LaunchScreen.storyboard */; };
		BC9C98D227E431710053923A /* htmlView.html in Resources */ = {isa = PBXBuildFile; fileRef = BC9C98D127E431710053923A /* htmlView.html */; };
/* End PBXBuildFile section */

/* Begin PBXFileReference section */
		BC9C98B927E42FC40053923A /* WebApp_Github.app */ = {isa = PBXFileReference; explicitFileType = wrapper.application; includeInIndex = 0; path = WebApp_Github.app; sourceTree = BUILT_PRODUCTS_DIR; };
		BC9C98BC27E42FC40053923A /* AppDelegate.swift */ = {isa = PBXFileReference; lastKnownFileType = sourcecode.swift; path = AppDelegate.swift; sourceTree = "<group>"; };
		BC9C98BE27E42FC40053923A /* SceneDelegate.swift */ = {isa = PBXFileReference; lastKnownFileType = sourcecode.swift; path = SceneDelegate.swift; sourceTree = "<group>"; };
		BC9C98C027E42FC40053923A /* ViewController.swift */ = {isa = PBXFileReference; lastKnownFileType = sourcecode.swift; path = ViewController.swift; sourceTree = "<group>"; };
		BC9C98C327E42FC40053923A /* Base */ = {isa = PBXFileReference; lastKnownFileType = file.storyboard; name = Base; path = Base.lproj/Main.storyboard; sourceTree = "<group>"; };
		BC9C98C527E42FC50053923A /* Assets.xcassets */ = {isa = PBXFileReference; lastKnownFileType = folder.assetcatalog; path = Assets.xcassets; sourceTree = "<group>"; };
		BC9C98C827E42FC50053923A /* Base */ = {isa = PBXFileReference; lastKnownFileType = file.storyboard; name = Base; path = Base.lproj/LaunchScreen.storyboard; sourceTree = "<group>"; };
		BC9C98CA27E42FC50053923A /* Info.plist */ = {isa = PBXFileReference; lastKnownFileType = text.plist.xml; path = Info.plist; sourceTree = "<group>"; };
		BC9C98D127E431710053923A /* htmlView.html */ = {isa = PBXFileReference; lastKnownFileType = text.html; path = htmlView.html; sourceTree = "<group>"; };
/* End PBXFileReference section */

/* Begin PBXFrameworksBuildPhase section */
		BC9C98B627E42FC40053923A /* Frameworks */ = {
			isa = PBXFrameworksBuildPhase;
			buildActionMask = 2147483647;
			files = (
			);
			runOnlyForDeploymentPostprocessing = 0;
		};
/* End PBXFrameworksBuildPhase section */

/* Begin PBXGroup section */
		BC9C98B027E42FC40053923A = {
			isa = PBXGroup;
			children = (
				BC9C98BB27E42FC40053923A /* WebApp_Github */,
				BC9C98BA27E42FC40053923A /* Products */,
			);
			sourceTree = "<group>";
		};
		BC9C98BA27E42FC40053923A /* Products */ = {
			isa = PBXGroup;
			children = (
				BC9C98B927E42FC40053923A /* WebApp_Github.app */,
			);
			name = Products;
			sourceTree = "<group>";
		};
		BC9C98BB27E42FC40053923A /* WebApp_Github */ = {
			isa = PBXGroup;
			children = (
				BC9C98BC27E42FC40053923A /* AppDelegate.swift */,
				BC9C98BE27E42FC40053923A /* SceneDelegate.swift */,
				BC9C98C027E42FC40053923A /* ViewController.swift */,
				BC9C98C227E42FC40053923A /* Main.storyboard */,
				BC9C98C527E42FC50053923A /* Assets.xcassets */,
				BC9C98C727E42FC50053923A /* LaunchScreen.storyboard */,
				BC9C98CA27E42FC50053923A /* Info.plist */,
				BC9C98D127E431710053923A /* htmlView.html */,
			);
			path = WebApp_Github;
			sourceTree = "<group>";
		};
/* End PBXGroup section */

/* Begin PBXNativeTarget section */
		BC9C98B827E42FC40053923A /* WebApp_Github */ = {
			isa = PBXNativeTarget;
			buildConfigurationList = BC9C98CD27E42FC50053923A /* Build configuration list for PBXNativeTarget "WebApp_Github" */;
			buildPhases = (
				BC9C98B527E42FC40053923A /* Sources */,
				BC9C98B627E42FC40053923A /* Frameworks */,
				BC9C98B727E42FC40053923A /* Resources */,
			);
			buildRules = (
			);
			dependencies = (
			);
			name = WebApp_Github;
			productName = WebApp_Github;
			productReference = BC9C98B927E42FC40053923A /* WebApp_Github.app */;
			productType = "com.apple.product-type.application";
		};
/* End PBXNativeTarget section */

/* Begin PBXProject section */
		BC9C98B127E42FC40053923A /* Project object */ = {
			isa = PBXProject;
			attributes = {
				BuildIndependentTargetsInParallel = 1;
				LastSwiftUpdateCheck = 1330;
				LastUpgradeCheck = 1330;
				TargetAttributes = {
					BC9C98B827E42FC40053923A = {
						CreatedOnToolsVersion = 13.3;
					};
				};
			};
			buildConfigurationList = BC9C98B427E42FC40053923A /* Build configuration list for PBXProject "WebApp_Github" */;
			compatibilityVersion = "Xcode 13.0";
			developmentRegion = en;
			hasScannedForEncodings = 0;
			knownRegions = (
				en,
				Base,
			);
			mainGroup = BC9C98B027E42FC40053923A;
			productRefGroup = BC9C98BA27E42FC40053923A /* Products */;
			projectDirPath = "";
			projectRoot = "";
			targets = (
				BC9C98B827E42FC40053923A /* WebApp_Github */,
			);
		};
/* End PBXProject section */

/* Begin PBXResourcesBuildPhase section */
		BC9C98B727E42FC40053923A /* Resources */ = {
			isa = PBXResourcesBuildPhase;
			buildActionMask = 2147483647;
			files = (
				BC9C98D227E431710053923A /* htmlView.html in Resources */,
				BC9C98C927E42FC50053923A /* LaunchScreen.storyboard in Resources */,
				BC9C98C627E42FC50053923A /* Assets.xcassets in Resources */,
				BC9C98C427E42FC40053923A /* Main.storyboard in Resources */,
			);
			runOnlyForDeploymentPostprocessing = 0;
		};
/* End PBXResourcesBuildPhase section */

/* Begin PBXSourcesBuildPhase section */
		BC9C98B527E42FC40053923A /* Sources */ = {
			isa = PBXSourcesBuildPhase;
			buildActionMask = 2147483647;
			files = (
				BC9C98C127E42FC40053923A /* ViewController.swift in Sources */,
				BC9C98BD27E42FC40053923A /* AppDelegate.swift in Sources */,
				BC9C98BF27E42FC40053923A /* SceneDelegate.swift in Sources */,
			);
			runOnlyForDeploymentPostprocessing = 0;
		};
/* End PBXSourcesBuildPhase section */

/* Begin PBXVariantGroup section */
		BC9C98C227E42FC40053923A /* Main.storyboard */ = {
			isa = PBXVariantGroup;
			children = (
				BC9C98C327E42FC40053923A /* Base */,
			);
			name = Main.storyboard;
			sourceTree = "<group>";
		};
		BC9C98C727E42FC50053923A /* LaunchScreen.storyboard */ = {
			isa = PBXVariantGroup;
			children = (
				BC9C98C827E42FC50053923A /* Base */,
			);
			name = LaunchScreen.storyboard;
			sourceTree = "<group>";
		};
/* End PBXVariantGroup section */

/* Begin XCBuildConfiguration section */
		BC9C98CB27E42FC50053923A /* Debug */ = {
			isa = XCBuildConfiguration;
			buildSettings = {
				ALWAYS_SEARCH_USER_PATHS = NO;
				CLANG_ANALYZER_NONNULL = YES;
				CLANG_ANALYZER_NUMBER_OBJECT_CONVERSION = YES_AGGRESSIVE;
				CLANG_CXX_LANGUAGE_STANDARD = "gnu++17";
				CLANG_ENABLE_MODULES = YES;
				CLANG_ENABLE_OBJC_ARC = YES;
				CLANG_ENABLE_OBJC_WEAK = YES;
				CLANG_WARN_BLOCK_CAPTURE_AUTORELEASING = YES;
				CLANG_WARN_BOOL_CONVERSION = YES;
				CLANG_WARN_COMMA = YES;
				CLANG_WARN_CONSTANT_CONVERSION = YES;
				CLANG_WARN_DEPRECATED_OBJC_IMPLEMENTATIONS = YES;
				CLANG_WARN_DIRECT_OBJC_ISA_USAGE = YES_ERROR;
				CLANG_WARN_DOCUMENTATION_COMMENTS = YES;
				CLANG_WARN_EMPTY_BODY = YES;
				CLANG_WARN_ENUM_CONVERSION = YES;
				CLANG_WARN_INFINITE_RECURSION = YES;
				CLANG_WARN_INT_CONVERSION = YES;
				CLANG_WARN_NON_LITERAL_NULL_CONVERSION = YES;
				CLANG_WARN_OBJC_IMPLICIT_RETAIN_SELF = YES;
				CLANG_WARN_OBJC_LITERAL_CONVERSION = YES;
				CLANG_WARN_OBJC_ROOT_CLASS = YES_ERROR;
				CLANG_WARN_QUOTED_INCLUDE_IN_FRAMEWORK_HEADER = YES;
				CLANG_WARN_RANGE_LOOP_ANALYSIS = YES;
				CLANG_WARN_STRICT_PROTOTYPES = YES;
				CLANG_WARN_SUSPICIOUS_MOVE = YES;
				CLANG_WARN_UNGUARDED_AVAILABILITY = YES_AGGRESSIVE;
				CLANG_WARN_UNREACHABLE_CODE = YES;
				CLANG_WARN__DUPLICATE_METHOD_MATCH = YES;
				COPY_PHASE_STRIP = NO;
				DEBUG_INFORMATION_FORMAT = dwarf;
				ENABLE_STRICT_OBJC_MSGSEND = YES;
				ENABLE_TESTABILITY = YES;
				GCC_C_LANGUAGE_STANDARD = gnu11;
				GCC_DYNAMIC_NO_PIC = NO;
				GCC_NO_COMMON_BLOCKS = YES;
				GCC_OPTIMIZATION_LEVEL = 0;
				GCC_PREPROCESSOR_DEFINITIONS = (
					"DEBUG=1",
					"$(inherited)",
				);
				GCC_WARN_64_TO_32_BIT_CONVERSION = YES;
				GCC_WARN_ABOUT_RETURN_TYPE = YES_ERROR;
				GCC_WARN_UNDECLARED_SELECTOR = YES;
				GCC_WARN_UNINITIALIZED_AUTOS = YES_AGGRESSIVE;
				GCC_WARN_UNUSED_FUNCTION = YES;
				GCC_WARN_UNUSED_VARIABLE = YES;
				IPHONEOS_DEPLOYMENT_TARGET = 15.4;
				MTL_ENABLE_DEBUG_INFO = INCLUDE_SOURCE;
				MTL_FAST_MATH = YES;
				ONLY_ACTIVE_ARCH = YES;
				SDKROOT = iphoneos;
				SWIFT_ACTIVE_COMPILATION_CONDITIONS = DEBUG;
				SWIFT_OPTIMIZATION_LEVEL = "-Onone";
			};
			name = Debug;
		};
		BC9C98CC27E42FC50053923A /* Release */ = {
			isa = XCBuildConfiguration;
			buildSettings = {
				ALWAYS_SEARCH_USER_PATHS = NO;
				CLANG_ANALYZER_NONNULL = YES;
				CLANG_ANALYZER_NUMBER_OBJECT_CONVERSION = YES_AGGRESSIVE;
				CLANG_CXX_LANGUAGE_STANDARD = "gnu++17";
				CLANG_ENABLE_MODULES = YES;
				CLANG_ENABLE_OBJC_ARC = YES;
				CLANG_ENABLE_OBJC_WEAK = YES;
				CLANG_WARN_BLOCK_CAPTURE_AUTORELEASING = YES;
				CLANG_WARN_BOOL_CONVERSION = YES;
				CLANG_WARN_COMMA = YES;
				CLANG_WARN_CONSTANT_CONVERSION = YES;
				CLANG_WARN_DEPRECATED_OBJC_IMPLEMENTATIONS = YES;
				CLANG_WARN_DIRECT_OBJC_ISA_USAGE = YES_ERROR;
				CLANG_WARN_DOCUMENTATION_COMMENTS = YES;
				CLANG_WARN_EMPTY_BODY = YES;
				CLANG_WARN_ENUM_CONVERSION = YES;
				CLANG_WARN_INFINITE_RECURSION = YES;
				CLANG_WARN_INT_CONVERSION = YES;
				CLANG_WARN_NON_LITERAL_NULL_CONVERSION = YES;
				CLANG_WARN_OBJC_IMPLICIT_RETAIN_SELF = YES;
				CLANG_WARN_OBJC_LITERAL_CONVERSION = YES;
				CLANG_WARN_OBJC_ROOT_CLASS = YES_ERROR;
				CLANG_WARN_QUOTED_INCLUDE_IN_FRAMEWORK_HEADER = YES;
				CLANG_WARN_RANGE_LOOP_ANALYSIS = YES;
				CLANG_WARN_STRICT_PROTOTYPES = YES;
				CLANG_WARN_SUSPICIOUS_MOVE = YES;
				CLANG_WARN_UNGUARDED_AVAILABILITY = YES_AGGRESSIVE;
				CLANG_WARN_UNREACHABLE_CODE = YES;
				CLANG_WARN__DUPLICATE_METHOD_MATCH = YES;
				COPY_PHASE_STRIP = NO;
				DEBUG_INFORMATION_FORMAT = "dwarf-with-dsym";
				ENABLE_NS_ASSERTIONS = NO;
				ENABLE_STRICT_OBJC_MSGSEND = YES;
				GCC_C_LANGUAGE_STANDARD = gnu11;
				GCC_NO_COMMON_BLOCKS = YES;
				GCC_WARN_64_TO_32_BIT_CONVERSION = YES;
				GCC_WARN_ABOUT_RETURN_TYPE = YES_ERROR;
				GCC_WARN_UNDECLARED_SELECTOR = YES;
				GCC_WARN_UNINITIALIZED_AUTOS = YES_AGGRESSIVE;
				GCC_WARN_UNUSED_FUNCTION = YES;
				GCC_WARN_UNUSED_VARIABLE = YES;
				IPHONEOS_DEPLOYMENT_TARGET = 15.4;
				MTL_ENABLE_DEBUG_INFO = NO;
				MTL_FAST_MATH = YES;
				SDKROOT = iphoneos;
				SWIFT_COMPILATION_MODE = wholemodule;
				SWIFT_OPTIMIZATION_LEVEL = "-O";
				VALIDATE_PRODUCT = YES;
			};
			name = Release;
		};
		BC9C98CE27E42FC50053923A /* Debug */ = {
			isa = XCBuildConfiguration;
			buildSettings = {
				ASSETCATALOG_COMPILER_APPICON_NAME = AppIcon;
				ASSETCATALOG_COMPILER_GLOBAL_ACCENT_COLOR_NAME = AccentColor;
				CODE_SIGN_STYLE = Automatic;
				CURRENT_PROJECT_VERSION = 1;
				DEVELOPMENT_TEAM = DNWZJJ5C96;
				GENERATE_INFOPLIST_FILE = YES;
				INFOPLIST_FILE = WebApp_Github/Info.plist;
				INFOPLIST_KEY_UIApplicationSupportsIndirectInputEvents = YES;
				INFOPLIST_KEY_UILaunchStoryboardName = LaunchScreen;
				INFOPLIST_KEY_UIMainStoryboardFile = Main;
				INFOPLIST_KEY_UISupportedInterfaceOrientations_iPad = "UIInterfaceOrientationPortrait UIInterfaceOrientationPortraitUpsideDown UIInterfaceOrientationLandscapeLeft UIInterfaceOrientationLandscapeRight";
				INFOPLIST_KEY_UISupportedInterfaceOrientations_iPhone = "UIInterfaceOrientationPortrait UIInterfaceOrientationLandscapeLeft UIInterfaceOrientationLandscapeRight";
				LD_RUNPATH_SEARCH_PATHS = (
					"$(inherited)",
					"@executable_path/Frameworks",
				);
				MARKETING_VERSION = 1.0;
				PRODUCT_BUNDLE_IDENTIFIER = "kr.jwlee.WebApp-Github";
				PRODUCT_NAME = "$(TARGET_NAME)";
				SWIFT_EMIT_LOC_STRINGS = YES;
				SWIFT_VERSION = 5.0;
				TARGETED_DEVICE_FAMILY = "1,2";
			};
			name = Debug;
		};
		BC9C98CF27E42FC50053923A /* Release */ = {
			isa = XCBuildConfiguration;
			buildSettings = {
				ASSETCATALOG_COMPILER_APPICON_NAME = AppIcon;
				ASSETCATALOG_COMPILER_GLOBAL_ACCENT_COLOR_NAME = AccentColor;
				CODE_SIGN_STYLE = Automatic;
				CURRENT_PROJECT_VERSION = 1;
				DEVELOPMENT_TEAM = DNWZJJ5C96;
				GENERATE_INFOPLIST_FILE = YES;
				INFOPLIST_FILE = WebApp_Github/Info.plist;
				INFOPLIST_KEY_UIApplicationSupportsIndirectInputEvents = YES;
				INFOPLIST_KEY_UILaunchStoryboardName = LaunchScreen;
				INFOPLIST_KEY_UIMainStoryboardFile = Main;
				INFOPLIST_KEY_UISupportedInterfaceOrientations_iPad = "UIInterfaceOrientationPortrait UIInterfaceOrientationPortraitUpsideDown UIInterfaceOrientationLandscapeLeft UIInterfaceOrientationLandscapeRight";
				INFOPLIST_KEY_UISupportedInterfaceOrientations_iPhone = "UIInterfaceOrientationPortrait UIInterfaceOrientationLandscapeLeft UIInterfaceOrientationLandscapeRight";
				LD_RUNPATH_SEARCH_PATHS = (
					"$(inherited)",
					"@executable_path/Frameworks",
				);
				MARKETING_VERSION = 1.0;
				PRODUCT_BUNDLE_IDENTIFIER = "kr.jwlee.WebApp-Github";
				PRODUCT_NAME = "$(TARGET_NAME)";
				SWIFT_EMIT_LOC_STRINGS = YES;
				SWIFT_VERSION = 5.0;
				TARGETED_DEVICE_FAMILY = "1,2";
			};
			name = Release;
		};
/* End XCBuildConfiguration section */

/* Begin XCConfigurationList section */
		BC9C98B427E42FC40053923A /* Build configuration list for PBXProject "WebApp_Github" */ = {
			isa = XCConfigurationList;
			buildConfigurations = (
				BC9C98CB27E42FC50053923A /* Debug */,
				BC9C98CC27E42FC50053923A /* Release */,
			);
			defaultConfigurationIsVisible = 0;
			defaultConfigurationName = Release;
		};
		BC9C98CD27E42FC50053923A /* Build configuration list for PBXNativeTarget "WebApp_Github" */ = {
			isa = XCConfigurationList;
			buildConfigurations = (
				BC9C98CE27E42FC50053923A /* Debug */,
				BC9C98CF27E42FC50053923A /* Release */,
			);
			defaultConfigurationIsVisible = 0;
			defaultConfigurationName = Release;
		};
/* End XCConfigurationList section */
	};
	rootObject = BC9C98B127E42FC40053923A /* Project object */;
}
